
Microsoft Visual Studio Solution File, Format Version 12.00
# Visual Studio Version 17
VisualStudioVersion = 17.0.32112.339
MinimumVisualStudioVersion = 10.0.40219.1
Project("{9A19103F-16F7-4668-BE54-9A1E7A4F7556}") = "DataStructures", "DataStructures\DataStructures.csproj", "{18F8B64B-9DA5-4DF4-9A29-AA978D2CC476}"
EndProject
Global
	GlobalSection(SolutionConfigurationPlatforms) = preSolution
		Debug|Any CPU = Debug|Any CPU
		Release|Any CPU = Release|Any CPU
	EndGlobalSection
	GlobalSection(ProjectConfigurationPlatforms) = postSolution
		{18F8B64B-9DA5-4DF4-9A29-AA978D2CC476}.Debug|Any CPU.ActiveCfg = Debug|Any CPU
		{18F8B64B-9DA5-4DF4-9A29-AA978D2CC476}.Debug|Any CPU.Build.0 = Debug|Any CPU
		{18F8B64B-9DA5-4DF4-9A29-AA978D2CC476}.Release|Any CPU.ActiveCfg = Release|Any CPU
		{18F8B64B-9DA5-4DF4-9A29-AA978D2CC476}.Release|Any CPU.Build.0 = Release|Any CPU
	EndGlobalSection
	GlobalSection(SolutionProperties) = preSolution
		HideSolutionNode = FALSE
	EndGlobalSection
	GlobalSection(ExtensibilityGlobals) = postSolution
		SolutionGuid = {A46E9992-A336-4ABF-9C58-7E1C465B7A0E}
	EndGlobalSection
EndGlobal
